
Microsoft Visual Studio Solution File, Format Version 12.00
# Visual Studio Version 16
VisualStudioVersion = 16.0.30225.117
MinimumVisualStudioVersion = 10.0.40219.1
Project("{FAE04EC0-301F-11D3-BF4B-00C04F79EFBC}") = "Guns", "Guns\Guns.csproj", "{6C3284C2-5E0B-4B7C-A33F-C4893A9BF084}"
EndProject
Global
	GlobalSection(SolutionConfigurationPlatforms) = preSolution
		Debug|Any CPU = Debug|Any CPU
		Release|Any CPU = Release|Any CPU
	EndGlobalSection
	GlobalSection(ProjectConfigurationPlatforms) = postSolution
		{6C3284C2-5E0B-4B7C-A33F-C4893A9BF084}.Debug|Any CPU.ActiveCfg = Debug|Any CPU
		{6C3284C2-5E0B-4B7C-A33F-C4893A9BF084}.Debug|Any CPU.Build.0 = Debug|Any CPU
		{6C3284C2-5E0B-4B7C-A33F-C4893A9BF084}.Release|Any CPU.ActiveCfg = Release|Any CPU
		{6C3284C2-5E0B-4B7C-A33F-C4893A9BF084}.Release|Any CPU.Build.0 = Release|Any CPU
	EndGlobalSection
	GlobalSection(SolutionProperties) = preSolution
		HideSolutionNode = FALSE
	EndGlobalSection
	GlobalSection(ExtensibilityGlobals) = postSolution
		SolutionGuid = {7C470C2D-2922-47AC-8892-44A5A57F485A}
	EndGlobalSection
EndGlobal
